# This file is autogenerated, do not edit; changes may be undone by the next 'dep ensure'.


[[projects]]
  name = "github.com/antlr/antlr4"
  packages = ["runtime/Go/antlr"]
  revision = "bdc05c87be2ad981744223df0fd745e8345baba9"
  version = "4.7.1"

[[projects]]
  name = "github.com/sirupsen/logrus"
  packages = ["."]
  revision = "3e01752db0189b9157070a0e1668a620f9a85da2"
  version = "v1.0.6"

[[projects]]
  branch = "master"
  name = "golang.org/x/crypto"
  packages = ["ssh/terminal"]
  revision = "56440b844dfe139a8ac053f4ecac0b20b79058f4"

[[projects]]
  branch = "master"
  name = "golang.org/x/sys"
  packages = [
    "unix",
    "windows"
  ]
  revision = "0ffbfd41fbef8ffcf9b62b0b0aa3a5873ed7a4fe"

[[projects]]
  branch = "release_60"
  name = "llvm.org/git/llvm.git"
  packages = ["bindings/go/llvm"]
  revision = "5136df4d089a086b70d452160ad5451861269498"

[solve-meta]
  analyzer-name = "dep"
  analyzer-version = 1
  inputs-digest = "0863d4d381eed513837d5a9e5f471f8b5000126ad486aac43d24d9b3177d6ab5"
  solver-name = "gps-cdcl"
  solver-version = 1
