# This file is autogenerated, do not edit; changes may be undone by the next 'dep ensure'.


[[projects]]
  digest = "1:5e79f7a65816b2ba311439df21c9b24af91868cbb5d67489be6d94be2cccb286"
  name = "github.com/antlr/antlr4"
  packages = ["runtime/Go/antlr"]
  pruneopts = "UT"
  revision = "bdc05c87be2ad981744223df0fd745e8345baba9"
  version = "4.7.1"

[[projects]]
  digest = "1:d867dfa6751c8d7a435821ad3b736310c2ed68945d05b50fb9d23aee0540c8cc"
  name = "github.com/sirupsen/logrus"
  packages = ["."]
  pruneopts = "UT"
  revision = "3e01752db0189b9157070a0e1668a620f9a85da2"
  version = "v1.0.6"

[[projects]]
  branch = "master"
  digest = "1:3f3a05ae0b95893d90b9b3b5afdb79a9b3d96e4e36e099d841ae602e4aca0da8"
  name = "golang.org/x/crypto"
  packages = ["ssh/terminal"]
  pruneopts = "UT"
  revision = "56440b844dfe139a8ac053f4ecac0b20b79058f4"

[[projects]]
  branch = "master"
  digest = "1:bdd70b95d2f0faaad6d9e259aad84738c6bdeb8f45245be6487e88df45f5a0f1"
  name = "golang.org/x/sys"
  packages = [
    "unix",
    "windows",
  ]
  pruneopts = "UT"
  revision = "0ffbfd41fbef8ffcf9b62b0b0aa3a5873ed7a4fe"

[[projects]]
  branch = "release_60"
  digest = "1:fe9718266d5def7f4629426ed9ccb2a1f75370541ceef242e490619075c7cf58"
  name = "llvm.org/git/llvm.git"
  packages = ["bindings/go/llvm"]
  pruneopts = "UT"
  revision = "5136df4d089a086b70d452160ad5451861269498"

[solve-meta]
  analyzer-name = "dep"
  analyzer-version = 1
  input-imports = [
    "github.com/antlr/antlr4/runtime/Go/antlr",
    "github.com/sirupsen/logrus",
    "llvm.org/git/llvm.git/bindings/go/llvm",
  ]
  solver-name = "gps-cdcl"
  solver-version = 1
